{
  "name": "simpleshadowdom",
  "version": "1.0.0",
  "lockfileVersion": 1,
  "requires": true,
  "dependencies": {
    "css-flatten": {
      "version": "1.0.1",
      "resolved": "https://registry.npmjs.org/css-flatten/-/css-flatten-1.0.1.tgz",
      "integrity": "sha512-kjzCuCylm2LN0GpLpsuUjcE5HVC4Phxq2vXiseYshpLzYa4n0QjAxOMFGPJJRPHnA3zw8UGLXPGAMHHm/arx0w==",
      "requires": {
        "css-simple-parser": "^2.0.0"
      }
    },
    "css-simple-parser": {
      "version": "2.0.1",
      "resolved": "https://registry.npmjs.org/css-simple-parser/-/css-simple-parser-2.0.1.tgz",
      "integrity": "sha512-0zAlwfwAY6+/TdWMy3uv+zznbWODby5RPwCXwGC+74yZAxxPOtaq5PZfn85Qs8fRKSANpQlAnRXLRuvzFVLmNg==",
      "requires": {
        "string-indexes": "^1.0.0"
      }
    },
    "string-indexes": {
      "version": "1.0.0",
      "resolved": "https://registry.npmjs.org/string-indexes/-/string-indexes-1.0.0.tgz",
      "integrity": "sha512-RUlx+2YydZJNlRAvoh1siPYWj/Xfk6t1sQLkA5n1tMGRCKkRLzkRtJhHk4qRmKergEBh8R3pWhsUsDqia/bolw=="
    }
  }
}
